// !$*UTF8*$!
{
	archiveVersion = 1;
	classes = {
	};
	objectVersion = 46;
	objects = {

/* Begin PBXBuildFile section */
		239862AA1FFD33DF001A9671 /* AppDelegate.m in Sources */ = {isa = PBXBuildFile; fileRef = 239862A91FFD33DF001A9671 /* AppDelegate.m */; };
		239862AD1FFD33DF001A9671 /* main.m in Sources */ = {isa = PBXBuildFile; fileRef = 239862AC1FFD33DF001A9671 /* main.m */; };
		239862B01FFD33DF001A9671 /* ViewController.m in Sources */ = {isa = PBXBuildFile; fileRef = 239862AF1FFD33DF001A9671 /* ViewController.m */; };
		239862B21FFD33DF001A9671 /* Assets.xcassets in Resources */ = {isa = PBXBuildFile; fileRef = 239862B11FFD33DF001A9671 /* Assets.xcassets */; };
		239862B51FFD33DF001A9671 /* Main.storyboard in Resources */ = {isa = PBXBuildFile; fileRef = 239862B31FFD33DF001A9671 /* Main.storyboard */; };
		239862C01FFD33DF001A9671 /* FirstAppTests.m in Sources */ = {isa = PBXBuildFile; fileRef = 239862BF1FFD33DF001A9671 /* FirstAppTests.m */; };
		239862CB1FFD33DF001A9671 /* FirstAppUITests.m in Sources */ = {isa = PBXBuildFile; fileRef = 239862CA1FFD33DF001A9671 /* FirstAppUITests.m */; };
/* End PBXBuildFile section */

/* Begin PBXContainerItemProxy section */
		239862BC1FFD33DF001A9671 /* PBXContainerItemProxy */ = {
			isa = PBXContainerItemProxy;
			containerPortal = 2398629D1FFD33DF001A9671 /* Project object */;
			proxyType = 1;
			remoteGlobalIDString = 239862A41FFD33DF001A9671;
			remoteInfo = FirstApp;
		};
		239862C71FFD33DF001A9671 /* PBXContainerItemProxy */ = {
			isa = PBXContainerItemProxy;
			containerPortal = 2398629D1FFD33DF001A9671 /* Project object */;
			proxyType = 1;
			remoteGlobalIDString = 239862A41FFD33DF001A9671;
			remoteInfo = FirstApp;
		};
/* End PBXContainerItemProxy section */

/* Begin PBXFileReference section */
		239862A51FFD33DF001A9671 /* FirstApp.app */ = {isa = PBXFileReference; explicitFileType = wrapper.application; includeInIndex = 0; path = FirstApp.app; sourceTree = BUILT_PRODUCTS_DIR; };
		239862A81FFD33DF001A9671 /* AppDelegate.h */ = {isa = PBXFileReference; lastKnownFileType = sourcecode.c.h; path = AppDelegate.h; sourceTree = "<group>"; };
		239862A91FFD33DF001A9671 /* AppDelegate.m */ = {isa = PBXFileReference; lastKnownFileType = sourcecode.c.objc; path = AppDelegate.m; sourceTree = "<group>"; };
		239862AC1FFD33DF001A9671 /* main.m */ = {isa = PBXFileReference; lastKnownFileType = sourcecode.c.objc; path = main.m; sourceTree = "<group>"; };
		239862AE1FFD33DF001A9671 /* ViewController.h */ = {isa = PBXFileReference; lastKnownFileType = sourcecode.c.h; path = ViewController.h; sourceTree = "<group>"; };
		239862AF1FFD33DF001A9671 /* ViewController.m */ = {isa = PBXFileReference; lastKnownFileType = sourcecode.c.objc; path = ViewController.m; sourceTree = "<group>"; };
		239862B11FFD33DF001A9671 /* Assets.xcassets */ = {isa = PBXFileReference; lastKnownFileType = folder.assetcatalog; path = Assets.xcassets; sourceTree = "<group>"; };
		239862B41FFD33DF001A9671 /* Base */ = {isa = PBXFileReference; lastKnownFileType = file.storyboard; name = Base; path = Base.lproj/Main.storyboard; sourceTree = "<group>"; };
		239862B61FFD33DF001A9671 /* Info.plist */ = {isa = PBXFileReference; lastKnownFileType = text.plist.xml; path = Info.plist; sourceTree = "<group>"; };
		239862BB1FFD33DF001A9671 /* FirstAppTests.xctest */ = {isa = PBXFileReference; explicitFileType = wrapper.cfbundle; includeInIndex = 0; path = FirstAppTests.xctest; sourceTree = BUILT_PRODUCTS_DIR; };
		239862BF1FFD33DF001A9671 /* FirstAppTests.m */ = {isa = PBXFileReference; lastKnownFileType = sourcecode.c.objc; path = FirstAppTests.m; sourceTree = "<group>"; };
		239862C11FFD33DF001A9671 /* Info.plist */ = {isa = PBXFileReference; lastKnownFileType = text.plist.xml; path = Info.plist; sourceTree = "<group>"; };
		239862C61FFD33DF001A9671 /* FirstAppUITests.xctest */ = {isa = PBXFileReference; explicitFileType = wrapper.cfbundle; includeInIndex = 0; path = FirstAppUITests.xctest; sourceTree = BUILT_PRODUCTS_DIR; };
		239862CA1FFD33DF001A9671 /* FirstAppUITests.m */ = {isa = PBXFileReference; lastKnownFileType = sourcecode.c.objc; path = FirstAppUITests.m; sourceTree = "<group>"; };
		239862CC1FFD33DF001A9671 /* Info.plist */ = {isa = PBXFileReference; lastKnownFileType = text.plist.xml; path = Info.plist; sourceTree = "<group>"; };
/* End PBXFileReference section */

/* Begin PBXFrameworksBuildPhase section */
		239862A21FFD33DF001A9671 /* Frameworks */ = {
			isa = PBXFrameworksBuildPhase;
			buildActionMask = 2147483647;
			files = (
			);
			runOnlyForDeploymentPostprocessing = 0;
		};
		239862B81FFD33DF001A9671 /* Frameworks */ = {
			isa = PBXFrameworksBuildPhase;
			buildActionMask = 2147483647;
			files = (
			);
			runOnlyForDeploymentPostprocessing = 0;
		};
		239862C31FFD33DF001A9671 /* Frameworks */ = {
			isa = PBXFrameworksBuildPhase;
			buildActionMask = 2147483647;
			files = (
			);
			runOnlyForDeploymentPostprocessing = 0;
		};
/* End PBXFrameworksBuildPhase section */

/* Begin PBXGroup section */
		2398629C1FFD33DF001A9671 = {
			isa = PBXGroup;
			children = (
				239862A71FFD33DF001A9671 /* FirstApp */,
				239862BE1FFD33DF001A9671 /* FirstAppTests */,
				239862C91FFD33DF001A9671 /* FirstAppUITests */,
				239862A61FFD33DF001A9671 /* Products */,
			);
			sourceTree = "<group>";
		};
		239862A61FFD33DF001A9671 /* Products */ = {
			isa = PBXGroup;
			children = (
				239862A51FFD33DF001A9671 /* FirstApp.app */,
				239862BB1FFD33DF001A9671 /* FirstAppTests.xctest */,
				239862C61FFD33DF001A9671 /* FirstAppUITests.xctest */,
			);
			name = Products;
			sourceTree = "<group>";
		};
		239862A71FFD33DF001A9671 /* FirstApp */ = {
			isa = PBXGroup;
			children = (
				239862A81FFD33DF001A9671 /* AppDelegate.h */,
				239862A91FFD33DF001A9671 /* AppDelegate.m */,
				239862AE1FFD33DF001A9671 /* ViewController.h */,
				239862AF1FFD33DF001A9671 /* ViewController.m */,
				239862B11FFD33DF001A9671 /* Assets.xcassets */,
				239862B31FFD33DF001A9671 /* Main.storyboard */,
				239862B61FFD33DF001A9671 /* Info.plist */,
				239862AB1FFD33DF001A9671 /* Supporting Files */,
			);
			path = FirstApp;
			sourceTree = "<group>";
		};
		239862AB1FFD33DF001A9671 /* Supporting Files */ = {
			isa = PBXGroup;
			children = (
				239862AC1FFD33DF001A9671 /* main.m */,
			);
			name = "Supporting Files";
			sourceTree = "<group>";
		};
		239862BE1FFD33DF001A9671 /* FirstAppTests */ = {
			isa = PBXGroup;
			children = (
				239862BF1FFD33DF001A9671 /* FirstAppTests.m */,
				239862C11FFD33DF001A9671 /* Info.plist */,
			);
			path = FirstAppTests;
			sourceTree = "<group>";
		};
		239862C91FFD33DF001A9671 /* FirstAppUITests */ = {
			isa = PBXGroup;
			children = (
				239862CA1FFD33DF001A9671 /* FirstAppUITests.m */,
				239862CC1FFD33DF001A9671 /* Info.plist */,
			);
			path = FirstAppUITests;
			sourceTree = "<group>";
		};
/* End PBXGroup section */

/* Begin PBXNativeTarget section */
		239862A41FFD33DF001A9671 /* FirstApp */ = {
			isa = PBXNativeTarget;
			buildConfigurationList = 239862CF1FFD33DF001A9671 /* Build configuration list for PBXNativeTarget "FirstApp" */;
			buildPhases = (
				239862A11FFD33DF001A9671 /* Sources */,
				239862A21FFD33DF001A9671 /* Frameworks */,
				239862A31FFD33DF001A9671 /* Resources */,
			);
			buildRules = (
			);
			dependencies = (
			);
			name = FirstApp;
			productName = FirstApp;
			productReference = 239862A51FFD33DF001A9671 /* FirstApp.app */;
			productType = "com.apple.product-type.application";
		};
		239862BA1FFD33DF001A9671 /* FirstAppTests */ = {
			isa = PBXNativeTarget;
			buildConfigurationList = 239862D21FFD33DF001A9671 /* Build configuration list for PBXNativeTarget "FirstAppTests" */;
			buildPhases = (
				239862B71FFD33DF001A9671 /* Sources */,
				239862B81FFD33DF001A9671 /* Frameworks */,
				239862B91FFD33DF001A9671 /* Resources */,
			);
			buildRules = (
			);
			dependencies = (
				239862BD1FFD33DF001A9671 /* PBXTargetDependency */,
			);
			name = FirstAppTests;
			productName = FirstAppTests;
			productReference = 239862BB1FFD33DF001A9671 /* FirstAppTests.xctest */;
			productType = "com.apple.product-type.bundle.unit-test";
		};
		239862C51FFD33DF001A9671 /* FirstAppUITests */ = {
			isa = PBXNativeTarget;
			buildConfigurationList = 239862D51FFD33DF001A9671 /* Build configuration list for PBXNativeTarget "FirstAppUITests" */;
			buildPhases = (
				239862C21FFD33DF001A9671 /* Sources */,
				239862C31FFD33DF001A9671 /* Frameworks */,
				239862C41FFD33DF001A9671 /* Resources */,
			);
			buildRules = (
			);
			dependencies = (
				239862C81FFD33DF001A9671 /* PBXTargetDependency */,
			);
			name = FirstAppUITests;
			productName = FirstAppUITests;
			productReference = 239862C61FFD33DF001A9671 /* FirstAppUITests.xctest */;
			productType = "com.apple.product-type.bundle.ui-testing";
		};
/* End PBXNativeTarget section */

/* Begin PBXProject section */
		2398629D1FFD33DF001A9671 /* Project object */ = {
			isa = PBXProject;
			attributes = {
				LastUpgradeCheck = 0730;
				ORGANIZATIONNAME = Sabertoothasda;
				TargetAttributes = {
					239862A41FFD33DF001A9671 = {
						CreatedOnToolsVersion = 7.3.1;
					};
					239862BA1FFD33DF001A9671 = {
						CreatedOnToolsVersion = 7.3.1;
						TestTargetID = 239862A41FFD33DF001A9671;
					};
					239862C51FFD33DF001A9671 = {
						CreatedOnToolsVersion = 7.3.1;
						TestTargetID = 239862A41FFD33DF001A9671;
					};
				};
			};
			buildConfigurationList = 239862A01FFD33DF001A9671 /* Build configuration list for PBXProject "FirstApp" */;
			compatibilityVersion = "Xcode 3.2";
			developmentRegion = English;
			hasScannedForEncodings = 0;
			knownRegions = (
				en,
				Base,
			);
			mainGroup = 2398629C1FFD33DF001A9671;
			productRefGroup = 239862A61FFD33DF001A9671 /* Products */;
			projectDirPath = "";
			projectRoot = "";
			targets = (
				239862A41FFD33DF001A9671 /* FirstApp */,
				239862BA1FFD33DF001A9671 /* FirstAppTests */,
				239862C51FFD33DF001A9671 /* FirstAppUITests */,
			);
		};
/* End PBXProject section */

/* Begin PBXResourcesBuildPhase section */
		239862A31FFD33DF001A9671 /* Resources */ = {
			isa = PBXResourcesBuildPhase;
			buildActionMask = 2147483647;
			files = (
				239862B21FFD33DF001A9671 /* Assets.xcassets in Resources */,
				239862B51FFD33DF001A9671 /* Main.storyboard in Resources */,
			);
			runOnlyForDeploymentPostprocessing = 0;
		};
		239862B91FFD33DF001A9671 /* Resources */ = {
			isa = PBXResourcesBuildPhase;
			buildActionMask = 2147483647;
			files = (
			);
			runOnlyForDeploymentPostprocessing = 0;
		};
		239862C41FFD33DF001A9671 /* Resources */ = {
			isa = PBXResourcesBuildPhase;
			buildActionMask = 2147483647;
			files = (
			);
			runOnlyForDeploymentPostprocessing = 0;
		};
/* End PBXResourcesBuildPhase section */

/* Begin PBXSourcesBuildPhase section */
		239862A11FFD33DF001A9671 /* Sources */ = {
			isa = PBXSourcesBuildPhase;
			buildActionMask = 2147483647;
			files = (
				239862B01FFD33DF001A9671 /* ViewController.m in Sources */,
				239862AD1FFD33DF001A9671 /* main.m in Sources */,
				239862AA1FFD33DF001A9671 /* AppDelegate.m in Sources */,
			);
			runOnlyForDeploymentPostprocessing = 0;
		};
		239862B71FFD33DF001A9671 /* Sources */ = {
			isa = PBXSourcesBuildPhase;
			buildActionMask = 2147483647;
			files = (
				239862C01FFD33DF001A9671 /* FirstAppTests.m in Sources */,
			);
			runOnlyForDeploymentPostprocessing = 0;
		};
		239862C21FFD33DF001A9671 /* Sources */ = {
			isa = PBXSourcesBuildPhase;
			buildActionMask = 2147483647;
			files = (
				239862CB1FFD33DF001A9671 /* FirstAppUITests.m in Sources */,
			);
			runOnlyForDeploymentPostprocessing = 0;
		};
/* End PBXSourcesBuildPhase section */

/* Begin PBXTargetDependency section */
		239862BD1FFD33DF001A9671 /* PBXTargetDependency */ = {
			isa = PBXTargetDependency;
			target = 239862A41FFD33DF001A9671 /* FirstApp */;
			targetProxy = 239862BC1FFD33DF001A9671 /* PBXContainerItemProxy */;
		};
		239862C81FFD33DF001A9671 /* PBXTargetDependency */ = {
			isa = PBXTargetDependency;
			target = 239862A41FFD33DF001A9671 /* FirstApp */;
			targetProxy = 239862C71FFD33DF001A9671 /* PBXContainerItemProxy */;
		};
/* End PBXTargetDependency section */

/* Begin PBXVariantGroup section */
		239862B31FFD33DF001A9671 /* Main.storyboard */ = {
			isa = PBXVariantGroup;
			children = (
				239862B41FFD33DF001A9671 /* Base */,
			);
			name = Main.storyboard;
			sourceTree = "<group>";
		};
/* End PBXVariantGroup section */

/* Begin XCBuildConfiguration section */
		239862CD1FFD33DF001A9671 /* Debug */ = {
			isa = XCBuildConfiguration;
			buildSettings = {
				ALWAYS_SEARCH_USER_PATHS = NO;
				CLANG_ANALYZER_NONNULL = YES;
				CLANG_CXX_LANGUAGE_STANDARD = "gnu++0x";
				CLANG_CXX_LIBRARY = "libc++";
				CLANG_ENABLE_MODULES = YES;
				CLANG_ENABLE_OBJC_ARC = YES;
				CLANG_WARN_BOOL_CONVERSION = YES;
				CLANG_WARN_CONSTANT_CONVERSION = YES;
				CLANG_WARN_DIRECT_OBJC_ISA_USAGE = YES_ERROR;
				CLANG_WARN_EMPTY_BODY = YES;
				CLANG_WARN_ENUM_CONVERSION = YES;
				CLANG_WARN_INT_CONVERSION = YES;
				CLANG_WARN_OBJC_ROOT_CLASS = YES_ERROR;
				CLANG_WARN_UNREACHABLE_CODE = YES;
				CLANG_WARN__DUPLICATE_METHOD_MATCH = YES;
				CODE_SIGN_IDENTITY = "-";
				COPY_PHASE_STRIP = NO;
				DEBUG_INFORMATION_FORMAT = dwarf;
				ENABLE_STRICT_OBJC_MSGSEND = YES;
				ENABLE_TESTABILITY = YES;
				GCC_C_LANGUAGE_STANDARD = gnu99;
				GCC_DYNAMIC_NO_PIC = NO;
				GCC_NO_COMMON_BLOCKS = YES;
				GCC_OPTIMIZATION_LEVEL = 0;
				GCC_PREPROCESSOR_DEFINITIONS = (
					"DEBUG=1",
					"$(inherited)",
				);
				GCC_WARN_64_TO_32_BIT_CONVERSION = YES;
				GCC_WARN_ABOUT_RETURN_TYPE = YES_ERROR;
				GCC_WARN_UNDECLARED_SELECTOR = YES;
				GCC_WARN_UNINITIALIZED_AUTOS = YES_AGGRESSIVE;
				GCC_WARN_UNUSED_FUNCTION = YES;
				GCC_WARN_UNUSED_VARIABLE = YES;
				MACOSX_DEPLOYMENT_TARGET = 10.12;
				MTL_ENABLE_DEBUG_INFO = YES;
				ONLY_ACTIVE_ARCH = YES;
				SDKROOT = macosx;
			};
			name = Debug;
		};
		239862CE1FFD33DF001A9671 /* Release */ = {
			isa = XCBuildConfiguration;
			buildSettings = {
				ALWAYS_SEARCH_USER_PATHS = NO;
				CLANG_ANALYZER_NONNULL = YES;
				CLANG_CXX_LANGUAGE_STANDARD = "gnu++0x";
				CLANG_CXX_LIBRARY = "libc++";
				CLANG_ENABLE_MODULES = YES;
				CLANG_ENABLE_OBJC_ARC = YES;
				CLANG_WARN_BOOL_CONVERSION = YES;
				CLANG_WARN_CONSTANT_CONVERSION = YES;
				CLANG_WARN_DIRECT_OBJC_ISA_USAGE = YES_ERROR;
				CLANG_WARN_EMPTY_BODY = YES;
				CLANG_WARN_ENUM_CONVERSION = YES;
				CLANG_WARN_INT_CONVERSION = YES;
				CLANG_WARN_OBJC_ROOT_CLASS = YES_ERROR;
				CLANG_WARN_UNREACHABLE_CODE = YES;
				CLANG_WARN__DUPLICATE_METHOD_MATCH = YES;
				CODE_SIGN_IDENTITY = "-";
				COPY_PHASE_STRIP = NO;
				DEBUG_INFORMATION_FORMAT = "dwarf-with-dsym";
				ENABLE_NS_ASSERTIONS = NO;
				ENABLE_STRICT_OBJC_MSGSEND = YES;
				GCC_C_LANGUAGE_STANDARD = gnu99;
				GCC_NO_COMMON_BLOCKS = YES;
				GCC_WARN_64_TO_32_BIT_CONVERSION = YES;
				GCC_WARN_ABOUT_RETURN_TYPE = YES_ERROR;
				GCC_WARN_UNDECLARED_SELECTOR = YES;
				GCC_WARN_UNINITIALIZED_AUTOS = YES_AGGRESSIVE;
				GCC_WARN_UNUSED_FUNCTION = YES;
				GCC_WARN_UNUSED_VARIABLE = YES;
				MACOSX_DEPLOYMENT_TARGET = 10.12;
				MTL_ENABLE_DEBUG_INFO = NO;
				SDKROOT = macosx;
			};
			name = Release;
		};
		239862D01FFD33DF001A9671 /* Debug */ = {
			isa = XCBuildConfiguration;
			buildSettings = {
				ASSETCATALOG_COMPILER_APPICON_NAME = AppIcon;
				COMBINE_HIDPI_IMAGES = YES;
				INFOPLIST_FILE = FirstApp/Info.plist;
				LD_RUNPATH_SEARCH_PATHS = "$(inherited) @executable_path/../Frameworks";
				PRODUCT_BUNDLE_IDENTIFIER = com.app.FirstApp;
				PRODUCT_NAME = "$(TARGET_NAME)";
			};
			name = Debug;
		};
		239862D11FFD33DF001A9671 /* Release */ = {
			isa = XCBuildConfiguration;
			buildSettings = {
				ASSETCATALOG_COMPILER_APPICON_NAME = AppIcon;
				COMBINE_HIDPI_IMAGES = YES;
				INFOPLIST_FILE = FirstApp/Info.plist;
				LD_RUNPATH_SEARCH_PATHS = "$(inherited) @executable_path/../Frameworks";
				PRODUCT_BUNDLE_IDENTIFIER = com.app.FirstApp;
				PRODUCT_NAME = "$(TARGET_NAME)";
			};
			name = Release;
		};
		239862D31FFD33DF001A9671 /* Debug */ = {
			isa = XCBuildConfiguration;
			buildSettings = {
				BUNDLE_LOADER = "$(TEST_HOST)";
				COMBINE_HIDPI_IMAGES = YES;
				INFOPLIST_FILE = FirstAppTests/Info.plist;
				LD_RUNPATH_SEARCH_PATHS = "$(inherited) @executable_path/../Frameworks @loader_path/../Frameworks";
				PRODUCT_BUNDLE_IDENTIFIER = com.app.FirstAppTests;
				PRODUCT_NAME = "$(TARGET_NAME)";
				TEST_HOST = "$(BUILT_PRODUCTS_DIR)/FirstApp.app/Contents/MacOS/FirstApp";
			};
			name = Debug;
		};
		239862D41FFD33DF001A9671 /* Release */ = {
			isa = XCBuildConfiguration;
			buildSettings = {
				BUNDLE_LOADER = "$(TEST_HOST)";
				COMBINE_HIDPI_IMAGES = YES;
				INFOPLIST_FILE = FirstAppTests/Info.plist;
				LD_RUNPATH_SEARCH_PATHS = "$(inherited) @executable_path/../Frameworks @loader_path/../Frameworks";
				PRODUCT_BUNDLE_IDENTIFIER = com.app.FirstAppTests;
				PRODUCT_NAME = "$(TARGET_NAME)";
				TEST_HOST = "$(BUILT_PRODUCTS_DIR)/FirstApp.app/Contents/MacOS/FirstApp";
			};
			name = Release;
		};
		239862D61FFD33DF001A9671 /* Debug */ = {
			isa = XCBuildConfiguration;
			buildSettings = {
				COMBINE_HIDPI_IMAGES = YES;
				INFOPLIST_FILE = FirstAppUITests/Info.plist;
				LD_RUNPATH_SEARCH_PATHS = "$(inherited) @executable_path/../Frameworks @loader_path/../Frameworks";
				PRODUCT_BUNDLE_IDENTIFIER = com.app.FirstAppUITests;
				PRODUCT_NAME = "$(TARGET_NAME)";
				TEST_TARGET_NAME = FirstApp;
			};
			name = Debug;
		};
		239862D71FFD33DF001A9671 /* Release */ = {
			isa = XCBuildConfiguration;
			buildSettings = {
				COMBINE_HIDPI_IMAGES = YES;
				INFOPLIST_FILE = FirstAppUITests/Info.plist;
				LD_RUNPATH_SEARCH_PATHS = "$(inherited) @executable_path/../Frameworks @loader_path/../Frameworks";
				PRODUCT_BUNDLE_IDENTIFIER = com.app.FirstAppUITests;
				PRODUCT_NAME = "$(TARGET_NAME)";
				TEST_TARGET_NAME = FirstApp;
			};
			name = Release;
		};
/* End XCBuildConfiguration section */

/* Begin XCConfigurationList section */
		239862A01FFD33DF001A9671 /* Build configuration list for PBXProject "FirstApp" */ = {
			isa = XCConfigurationList;
			buildConfigurations = (
				239862CD1FFD33DF001A9671 /* Debug */,
				239862CE1FFD33DF001A9671 /* Release */,
			);
			defaultConfigurationIsVisible = 0;
			defaultConfigurationName = Release;
		};
		239862CF1FFD33DF001A9671 /* Build configuration list for PBXNativeTarget "FirstApp" */ = {
			isa = XCConfigurationList;
			buildConfigurations = (
				239862D01FFD33DF001A9671 /* Debug */,
				239862D11FFD33DF001A9671 /* Release */,
			);
			defaultConfigurationIsVisible = 0;
		};
		239862D21FFD33DF001A9671 /* Build configuration list for PBXNativeTarget "FirstAppTests" */ = {
			isa = XCConfigurationList;
			buildConfigurations = (
				239862D31FFD33DF001A9671 /* Debug */,
				239862D41FFD33DF001A9671 /* Release */,
			);
			defaultConfigurationIsVisible = 0;
		};
		239862D51FFD33DF001A9671 /* Build configuration list for PBXNativeTarget "FirstAppUITests" */ = {
			isa = XCConfigurationList;
			buildConfigurations = (
				239862D61FFD33DF001A9671 /* Debug */,
				239862D71FFD33DF001A9671 /* Release */,
			);
			defaultConfigurationIsVisible = 0;
		};
/* End XCConfigurationList section */
	};
	rootObject = 2398629D1FFD33DF001A9671 /* Project object */;
}
